
Microsoft Visual Studio Solution File, Format Version 12.00
# Visual Studio 15
VisualStudioVersion = 15.0.26430.12
MinimumVisualStudioVersion = 10.0.40219.1
Project("{FAE04EC0-301F-11D3-BF4B-00C04F79EFBC}") = "AMS.BO", "AMS.BO\AMS.BO.csproj", "{73C67954-2585-4CF0-9C01-E97AE5614353}"
EndProject
Project("{FAE04EC0-301F-11D3-BF4B-00C04F79EFBC}") = "AMS.DAL", "AMS.DAL\AMS.DAL.csproj", "{800EA343-6339-4EA4-B0B7-09EFAF6CE7E9}"
EndProject
Project("{FAE04EC0-301F-11D3-BF4B-00C04F79EFBC}") = "AMS_API", "AMS_API\AMS_API.csproj", "{A383DD4F-902A-444D-8B9D-73CF6F67D020}"
EndProject
Global
	GlobalSection(SolutionConfigurationPlatforms) = preSolution
		Debug|Any CPU = Debug|Any CPU
		Release|Any CPU = Release|Any CPU
	EndGlobalSection
	GlobalSection(ProjectConfigurationPlatforms) = postSolution
		{73C67954-2585-4CF0-9C01-E97AE5614353}.Debug|Any CPU.ActiveCfg = Debug|Any CPU
		{73C67954-2585-4CF0-9C01-E97AE5614353}.Debug|Any CPU.Build.0 = Debug|Any CPU
		{73C67954-2585-4CF0-9C01-E97AE5614353}.Release|Any CPU.ActiveCfg = Release|Any CPU
		{73C67954-2585-4CF0-9C01-E97AE5614353}.Release|Any CPU.Build.0 = Release|Any CPU
		{800EA343-6339-4EA4-B0B7-09EFAF6CE7E9}.Debug|Any CPU.ActiveCfg = Debug|Any CPU
		{800EA343-6339-4EA4-B0B7-09EFAF6CE7E9}.Debug|Any CPU.Build.0 = Debug|Any CPU
		{800EA343-6339-4EA4-B0B7-09EFAF6CE7E9}.Release|Any CPU.ActiveCfg = Release|Any CPU
		{800EA343-6339-4EA4-B0B7-09EFAF6CE7E9}.Release|Any CPU.Build.0 = Release|Any CPU
		{A383DD4F-902A-444D-8B9D-73CF6F67D020}.Debug|Any CPU.ActiveCfg = Debug|Any CPU
		{A383DD4F-902A-444D-8B9D-73CF6F67D020}.Debug|Any CPU.Build.0 = Debug|Any CPU
		{A383DD4F-902A-444D-8B9D-73CF6F67D020}.Release|Any CPU.ActiveCfg = Release|Any CPU
		{A383DD4F-902A-444D-8B9D-73CF6F67D020}.Release|Any CPU.Build.0 = Release|Any CPU
	EndGlobalSection
	GlobalSection(SolutionProperties) = preSolution
		HideSolutionNode = FALSE
	EndGlobalSection
EndGlobal
